
Microsoft Visual Studio Solution File, Format Version 12.00
# Visual Studio Version 17
VisualStudioVersion = 17.6.33829.357
MinimumVisualStudioVersion = 10.0.40219.1
Project("{FAE04EC0-301F-11D3-BF4B-00C04F79EFBC}") = "wordle-backend", "wordle-backend.csproj", "{F349ACB1-7AC0-46AB-9091-B2614E3F88AD}"
EndProject
Global
	GlobalSection(SolutionConfigurationPlatforms) = preSolution
		Debug|Any CPU = Debug|Any CPU
		Release|Any CPU = Release|Any CPU
	EndGlobalSection
	GlobalSection(ProjectConfigurationPlatforms) = postSolution
		{F349ACB1-7AC0-46AB-9091-B2614E3F88AD}.Debug|Any CPU.ActiveCfg = Debug|Any CPU
		{F349ACB1-7AC0-46AB-9091-B2614E3F88AD}.Debug|Any CPU.Build.0 = Debug|Any CPU
		{F349ACB1-7AC0-46AB-9091-B2614E3F88AD}.Release|Any CPU.ActiveCfg = Release|Any CPU
		{F349ACB1-7AC0-46AB-9091-B2614E3F88AD}.Release|Any CPU.Build.0 = Release|Any CPU
	EndGlobalSection
	GlobalSection(SolutionProperties) = preSolution
		HideSolutionNode = FALSE
	EndGlobalSection
	GlobalSection(ExtensibilityGlobals) = postSolution
		SolutionGuid = {53606EDE-501F-474D-8524-89A57A5A9CCD}
	EndGlobalSection
EndGlobal
